
Microsoft Visual Studio Solution File, Format Version 12.00
# Visual Studio 15
VisualStudioVersion = 15.0.27703.2035
MinimumVisualStudioVersion = 10.0.40219.1
Project("{FAE04EC0-301F-11D3-BF4B-00C04F79EFBC}") = "Threading", "Threading\Threading.csproj", "{07A6D94B-6B60-4489-9CA6-C14C8EA312D7}"
EndProject
Global
	GlobalSection(SolutionConfigurationPlatforms) = preSolution
		Debug|Any CPU = Debug|Any CPU
		Release|Any CPU = Release|Any CPU
	EndGlobalSection
	GlobalSection(ProjectConfigurationPlatforms) = postSolution
		{07A6D94B-6B60-4489-9CA6-C14C8EA312D7}.Debug|Any CPU.ActiveCfg = Debug|Any CPU
		{07A6D94B-6B60-4489-9CA6-C14C8EA312D7}.Debug|Any CPU.Build.0 = Debug|Any CPU
		{07A6D94B-6B60-4489-9CA6-C14C8EA312D7}.Release|Any CPU.ActiveCfg = Release|Any CPU
		{07A6D94B-6B60-4489-9CA6-C14C8EA312D7}.Release|Any CPU.Build.0 = Release|Any CPU
	EndGlobalSection
	GlobalSection(SolutionProperties) = preSolution
		HideSolutionNode = FALSE
	EndGlobalSection
	GlobalSection(ExtensibilityGlobals) = postSolution
		SolutionGuid = {06E923EF-C878-4379-B9DE-544E931D488A}
	EndGlobalSection
EndGlobal
